
Microsoft Visual Studio Solution File, Format Version 12.00
# Visual Studio 2013
VisualStudioVersion = 12.0.21005.1
MinimumVisualStudioVersion = 10.0.40219.1
Project("{FAE04EC0-301F-11D3-BF4B-00C04F79EFBC}") = "LOLServer", "LOLServer\LOLServer.csproj", "{318990F4-11DB-414B-A239-33B3E61DCB5A}"
EndProject
Project("{FAE04EC0-301F-11D3-BF4B-00C04F79EFBC}") = "NetFrame", "NetFrame\NetFrame.csproj", "{A65945FA-7C4D-4C6A-8AE9-5D921394016F}"
EndProject
Project("{FAE04EC0-301F-11D3-BF4B-00C04F79EFBC}") = "GameProtocol", "Protocol\GameProtocol.csproj", "{37ACD6A5-FE35-4E16-9996-00317BA14F95}"
EndProject
Global
	GlobalSection(SolutionConfigurationPlatforms) = preSolution
		Debug|Any CPU = Debug|Any CPU
		Release|Any CPU = Release|Any CPU
	EndGlobalSection
	GlobalSection(ProjectConfigurationPlatforms) = postSolution
		{318990F4-11DB-414B-A239-33B3E61DCB5A}.Debug|Any CPU.ActiveCfg = Debug|Any CPU
		{318990F4-11DB-414B-A239-33B3E61DCB5A}.Debug|Any CPU.Build.0 = Debug|Any CPU
		{318990F4-11DB-414B-A239-33B3E61DCB5A}.Release|Any CPU.ActiveCfg = Release|Any CPU
		{318990F4-11DB-414B-A239-33B3E61DCB5A}.Release|Any CPU.Build.0 = Release|Any CPU
		{A65945FA-7C4D-4C6A-8AE9-5D921394016F}.Debug|Any CPU.ActiveCfg = Debug|Any CPU
		{A65945FA-7C4D-4C6A-8AE9-5D921394016F}.Debug|Any CPU.Build.0 = Debug|Any CPU
		{A65945FA-7C4D-4C6A-8AE9-5D921394016F}.Release|Any CPU.ActiveCfg = Release|Any CPU
		{A65945FA-7C4D-4C6A-8AE9-5D921394016F}.Release|Any CPU.Build.0 = Release|Any CPU
		{37ACD6A5-FE35-4E16-9996-00317BA14F95}.Debug|Any CPU.ActiveCfg = Debug|Any CPU
		{37ACD6A5-FE35-4E16-9996-00317BA14F95}.Debug|Any CPU.Build.0 = Debug|Any CPU
		{37ACD6A5-FE35-4E16-9996-00317BA14F95}.Release|Any CPU.ActiveCfg = Release|Any CPU
		{37ACD6A5-FE35-4E16-9996-00317BA14F95}.Release|Any CPU.Build.0 = Release|Any CPU
	EndGlobalSection
	GlobalSection(SolutionProperties) = preSolution
		HideSolutionNode = FALSE
	EndGlobalSection
EndGlobal
